
Microsoft Visual Studio Solution File, Format Version 12.00
# Visual Studio 2013
VisualStudioVersion = 12.0.31101.0
MinimumVisualStudioVersion = 10.0.40219.1
Project("{FAE04EC0-301F-11D3-BF4B-00C04F79EFBC}") = "Juego_de_XNA", "Juego de XNA\Juego_de_XNA\Juego_de_XNA.csproj", "{73BAB7DE-CD8A-4292-8201-7CCFAFEAA865}"
EndProject
Project("{96E2B04D-8817-42C6-938A-82C39BA4D311}") = "Juego_de_XNAContent", "Juego de XNA\Juego_de_XNAContent\Juego_de_XNAContent.contentproj", "{94EC2F3A-A723-4EC5-BE2C-7401E8A585FE}"
EndProject
Global
	GlobalSection(SolutionConfigurationPlatforms) = preSolution
		Debug|x86 = Debug|x86
		Release|x86 = Release|x86
	EndGlobalSection
	GlobalSection(ProjectConfigurationPlatforms) = postSolution
		{73BAB7DE-CD8A-4292-8201-7CCFAFEAA865}.Debug|x86.ActiveCfg = Debug|x86
		{73BAB7DE-CD8A-4292-8201-7CCFAFEAA865}.Debug|x86.Build.0 = Debug|x86
		{73BAB7DE-CD8A-4292-8201-7CCFAFEAA865}.Release|x86.ActiveCfg = Release|x86
		{73BAB7DE-CD8A-4292-8201-7CCFAFEAA865}.Release|x86.Build.0 = Release|x86
		{94EC2F3A-A723-4EC5-BE2C-7401E8A585FE}.Debug|x86.ActiveCfg = Debug|x86
		{94EC2F3A-A723-4EC5-BE2C-7401E8A585FE}.Release|x86.ActiveCfg = Release|x86
	EndGlobalSection
	GlobalSection(SolutionProperties) = preSolution
		HideSolutionNode = FALSE
	EndGlobalSection
EndGlobal
